
Microsoft Visual Studio Solution File, Format Version 12.00
# Visual Studio Version 16
VisualStudioVersion = 25.0.1703.8
MinimumVisualStudioVersion = 10.0.40219.1
Project("{FAE04EC0-301F-11D3-BF4B-00C04F79EFBC}") = "MatrixSum", "MatrixSum\MatrixSum.csproj", "{8192A7F9-468B-4F17-BA00-9E9C9380096E}"
EndProject
Project("{FAE04EC0-301F-11D3-BF4B-00C04F79EFBC}") = "MatrixSumTest", "MatrixSumTest\MatrixSumTest.csproj", "{6A1A83F2-E785-4925-B4E2-4C8DD6E6E902}"
EndProject
Global
	GlobalSection(SolutionConfigurationPlatforms) = preSolution
		Debug|Any CPU = Debug|Any CPU
		Release|Any CPU = Release|Any CPU
	EndGlobalSection
	GlobalSection(ProjectConfigurationPlatforms) = postSolution
		{8192A7F9-468B-4F17-BA00-9E9C9380096E}.Debug|Any CPU.ActiveCfg = Debug|Any CPU
		{8192A7F9-468B-4F17-BA00-9E9C9380096E}.Debug|Any CPU.Build.0 = Debug|Any CPU
		{8192A7F9-468B-4F17-BA00-9E9C9380096E}.Release|Any CPU.ActiveCfg = Release|Any CPU
		{8192A7F9-468B-4F17-BA00-9E9C9380096E}.Release|Any CPU.Build.0 = Release|Any CPU
		{6A1A83F2-E785-4925-B4E2-4C8DD6E6E902}.Debug|Any CPU.ActiveCfg = Debug|Any CPU
		{6A1A83F2-E785-4925-B4E2-4C8DD6E6E902}.Debug|Any CPU.Build.0 = Debug|Any CPU
		{6A1A83F2-E785-4925-B4E2-4C8DD6E6E902}.Release|Any CPU.ActiveCfg = Release|Any CPU
		{6A1A83F2-E785-4925-B4E2-4C8DD6E6E902}.Release|Any CPU.Build.0 = Release|Any CPU
	EndGlobalSection
	GlobalSection(SolutionProperties) = preSolution
		HideSolutionNode = FALSE
	EndGlobalSection
	GlobalSection(ExtensibilityGlobals) = postSolution
		SolutionGuid = {96D4196C-895A-4C67-A1E4-A90F00FA529C}
	EndGlobalSection
EndGlobal
